
Microsoft Visual Studio Solution File, Format Version 12.00
# Visual Studio Version 16
VisualStudioVersion = 25.0.1705.0
MinimumVisualStudioVersion = 10.0.40219.1
Project("{FAE04EC0-301F-11D3-BF4B-00C04F79EFBC}") = "CommandsService", "CommandsService.csproj", "{0A27F349-F038-4F29-8E59-2F750742569D}"
EndProject
Global
	GlobalSection(SolutionConfigurationPlatforms) = preSolution
		Debug|Any CPU = Debug|Any CPU
		Release|Any CPU = Release|Any CPU
	EndGlobalSection
	GlobalSection(ProjectConfigurationPlatforms) = postSolution
		{0A27F349-F038-4F29-8E59-2F750742569D}.Debug|Any CPU.ActiveCfg = Debug|Any CPU
		{0A27F349-F038-4F29-8E59-2F750742569D}.Debug|Any CPU.Build.0 = Debug|Any CPU
		{0A27F349-F038-4F29-8E59-2F750742569D}.Release|Any CPU.ActiveCfg = Release|Any CPU
		{0A27F349-F038-4F29-8E59-2F750742569D}.Release|Any CPU.Build.0 = Release|Any CPU
	EndGlobalSection
	GlobalSection(SolutionProperties) = preSolution
		HideSolutionNode = FALSE
	EndGlobalSection
	GlobalSection(ExtensibilityGlobals) = postSolution
		SolutionGuid = {CCB0D1BC-53F9-4473-9BFB-8B92A49DACBD}
	EndGlobalSection
EndGlobal
